
Microsoft Visual Studio Solution File, Format Version 12.00
# Visual Studio Version 17
VisualStudioVersion = 17.7.34202.233
MinimumVisualStudioVersion = 10.0.40219.1
Project("{FAE04EC0-301F-11D3-BF4B-00C04F79EFBC}") = "sayı toplatma", "sayı toplatma\sayı toplatma.csproj", "{8165834F-DCB8-4CEA-907A-AC43DB10C08C}"
EndProject
Global
	GlobalSection(SolutionConfigurationPlatforms) = preSolution
		Debug|Any CPU = Debug|Any CPU
		Release|Any CPU = Release|Any CPU
	EndGlobalSection
	GlobalSection(ProjectConfigurationPlatforms) = postSolution
		{8165834F-DCB8-4CEA-907A-AC43DB10C08C}.Debug|Any CPU.ActiveCfg = Debug|Any CPU
		{8165834F-DCB8-4CEA-907A-AC43DB10C08C}.Debug|Any CPU.Build.0 = Debug|Any CPU
		{8165834F-DCB8-4CEA-907A-AC43DB10C08C}.Release|Any CPU.ActiveCfg = Release|Any CPU
		{8165834F-DCB8-4CEA-907A-AC43DB10C08C}.Release|Any CPU.Build.0 = Release|Any CPU
	EndGlobalSection
	GlobalSection(SolutionProperties) = preSolution
		HideSolutionNode = FALSE
	EndGlobalSection
	GlobalSection(ExtensibilityGlobals) = postSolution
		SolutionGuid = {47C030D0-A994-4688-9E46-A71D0A2EEFEC}
	EndGlobalSection
EndGlobal
